
Microsoft Visual Studio Solution File, Format Version 12.00
# Visual Studio Version 17
VisualStudioVersion = 17.4.33103.184
MinimumVisualStudioVersion = 10.0.40219.1
Project("{FAE04EC0-301F-11D3-BF4B-00C04F79EFBC}") = "ShapeLib", "ShapeLib\ShapeLib.csproj", "{C2F3CF4B-4C5D-4787-98A2-B5B3A730552A}"
EndProject
Global
	GlobalSection(SolutionConfigurationPlatforms) = preSolution
		Debug|Any CPU = Debug|Any CPU
		Release|Any CPU = Release|Any CPU
	EndGlobalSection
	GlobalSection(ProjectConfigurationPlatforms) = postSolution
		{C2F3CF4B-4C5D-4787-98A2-B5B3A730552A}.Debug|Any CPU.ActiveCfg = Debug|Any CPU
		{C2F3CF4B-4C5D-4787-98A2-B5B3A730552A}.Debug|Any CPU.Build.0 = Debug|Any CPU
		{C2F3CF4B-4C5D-4787-98A2-B5B3A730552A}.Release|Any CPU.ActiveCfg = Release|Any CPU
		{C2F3CF4B-4C5D-4787-98A2-B5B3A730552A}.Release|Any CPU.Build.0 = Release|Any CPU
	EndGlobalSection
	GlobalSection(SolutionProperties) = preSolution
		HideSolutionNode = FALSE
	EndGlobalSection
	GlobalSection(ExtensibilityGlobals) = postSolution
		SolutionGuid = {56791ABD-3F7F-4E28-81B4-591A2CA3BDFD}
	EndGlobalSection
EndGlobal
